
Microsoft Visual Studio Solution File, Format Version 12.00
# Visual Studio Version 16
VisualStudioVersion = 16.0.31321.278
MinimumVisualStudioVersion = 10.0.40219.1
Project("{FAE04EC0-301F-11D3-BF4B-00C04F79EFBC}") = "StringMatching", "StringMatching\StringMatching.csproj", "{D583242E-A9C7-4F45-83BE-33C4541C65E6}"
EndProject
Global
	GlobalSection(SolutionConfigurationPlatforms) = preSolution
		Debug|Any CPU = Debug|Any CPU
		Release|Any CPU = Release|Any CPU
	EndGlobalSection
	GlobalSection(ProjectConfigurationPlatforms) = postSolution
		{D583242E-A9C7-4F45-83BE-33C4541C65E6}.Debug|Any CPU.ActiveCfg = Debug|Any CPU
		{D583242E-A9C7-4F45-83BE-33C4541C65E6}.Debug|Any CPU.Build.0 = Debug|Any CPU
		{D583242E-A9C7-4F45-83BE-33C4541C65E6}.Release|Any CPU.ActiveCfg = Release|Any CPU
		{D583242E-A9C7-4F45-83BE-33C4541C65E6}.Release|Any CPU.Build.0 = Release|Any CPU
	EndGlobalSection
	GlobalSection(SolutionProperties) = preSolution
		HideSolutionNode = FALSE
	EndGlobalSection
	GlobalSection(ExtensibilityGlobals) = postSolution
		SolutionGuid = {054C2390-9416-443E-AE77-7EB99080D877}
	EndGlobalSection
EndGlobal
